# This file is automatically @generated by Cargo.
# It is not intended for manual editing.
version = 4

[[package]]
name = "aho-corasick"
version = "1.1.4"
source = "registry+https://github.com/rust-lang/crates.io-index"
checksum = "ddd31a130427c27518df266943a5308ed92d4b226cc639f5a8f1002816174301"
dependencies = [
 "memchr",
]

[[package]]
name = "elsa"
version = "1.11.2"
source = "registry+https://github.com/rust-lang/crates.io-index"
checksum = "9abf33c656a7256451ebb7d0082c5a471820c31269e49d807c538c252352186e"
dependencies = [
 "stable_deref_trait",
]

[[package]]
name = "enum-as-inner"
version = "0.7.0"
source = "registry+https://github.com/rust-lang/crates.io-index"
checksum = "0359ee92f81184d7985519e474bda2a5738476334edd3746c9b1265c067afe70"
dependencies = [
 "heck",
 "proc-macro2",
 "quote",
 "syn",
]

[[package]]
name = "enum_dispatch"
version = "0.3.13"
source = "registry+https://github.com/rust-lang/crates.io-index"
checksum = "aa18ce2bc66555b3218614519ac839ddb759a7d6720732f979ef8d13be147ecd"
dependencies = [
 "once_cell",
 "proc-macro2",
 "quote",
 "syn",
]

[[package]]
name = "heck"
version = "0.5.0"
source = "registry+https://github.com/rust-lang/crates.io-index"
checksum = "2304e00983f87ffb38b55b444b5e3b60a884b5d30c0fca7d82fe33449bbe55ea"

[[package]]
name = "libutils"
version = "9.0.2"
source = "registry+https://github.com/rust-lang/crates.io-index"
checksum = "9c45d9d722e8edeb1ad29b8a4a147332f94f4450952212c579b791a087e5c031"
dependencies = [
 "libutils-array",
 "libutils-cage",
 "libutils-console",
 "libutils-diff",
 "libutils-issue",
 "libutils-pointer",
 "libutils-report",
 "libutils-terminal",
 "libutils-threat",
]

[[package]]
name = "libutils-array"
version = "0.0.2"
source = "registry+https://github.com/rust-lang/crates.io-index"
checksum = "cb3fd0f4869830b902caf1ced8484ed0a1a14e27b9754d4fe034ee0bfbd418ff"
dependencies = [
 "libutils-issue",
]

[[package]]
name = "libutils-cage"
version = "0.0.2"
source = "registry+https://github.com/rust-lang/crates.io-index"
checksum = "37e574f63360d601bf4035c92d9831cb1a8d7760172374101f39d44f08b53e01"

[[package]]
name = "libutils-console"
version = "0.1.1"
source = "registry+https://github.com/rust-lang/crates.io-index"
checksum = "38e6bfeb582729506e20fcb0c92fedf01c9d6441b9dcc8776fa17a7418bfdd33"
dependencies = [
 "libutils-issue",
 "libutils-threat",
]

[[package]]
name = "libutils-diff"
version = "0.0.1"
source = "registry+https://github.com/rust-lang/crates.io-index"
checksum = "c657d7d2cbb244a1fa7814fc0d5558b010f5a85037a184ba3fca813e89557f51"

[[package]]
name = "libutils-issue"
version = "0.0.1"
source = "registry+https://github.com/rust-lang/crates.io-index"
checksum = "b119b570fbd54540575e3681665b6999c21c1cb03769c77f97a22a8ad1e9787a"

[[package]]
name = "libutils-pointer"
version = "0.0.1"
source = "registry+https://github.com/rust-lang/crates.io-index"
checksum = "bf3d711720e83d2757fe3cbc7d8df2324ef1d38621007b280089bcccaf847cda"

[[package]]
name = "libutils-report"
version = "0.1.1"
source = "registry+https://github.com/rust-lang/crates.io-index"
checksum = "5734ecad269285995ad60afafcf9dd435a10da5689b8ac1a0ad7b378b06c23e4"
dependencies = [
 "libutils-console",
 "libutils-issue",
 "libutils-terminal",
 "libutils-threat",
]

[[package]]
name = "libutils-terminal"
version = "0.0.2"
source = "registry+https://github.com/rust-lang/crates.io-index"
checksum = "fd3dd1a192282d822538b5381950360f3748590639bcab5262196d669740413d"
dependencies = [
 "libutils-cage",
 "libutils-console",
 "libutils-diff",
 "libutils-issue",
 "libutils-threat",
]

[[package]]
name = "libutils-threat"
version = "0.0.1"
source = "registry+https://github.com/rust-lang/crates.io-index"
checksum = "3f9efbfb213222acd43604898bdfa97dbd14c28bc03a8e390b5b8707be14bb01"
dependencies = [
 "libutils-issue",
]

[[package]]
name = "mathsys"
version = "0.0.0"
dependencies = [
 "elsa",
 "enum-as-inner",
 "enum_dispatch",
 "libutils",
 "regex",
 "rustc_version_runtime",
 "strum",
 "strum_macros",
 "typed-arena",
]

[[package]]
name = "memchr"
version = "2.8.2"
source = "registry+https://github.com/rust-lang/crates.io-index"
checksum = "88904434abc2901f197fe8cc55f0445e7ded921dba5911dad2e2b39b48e663c4"

[[package]]
name = "once_cell"
version = "1.21.4"
source = "registry+https://github.com/rust-lang/crates.io-index"
checksum = "9f7c3e4beb33f85d45ae3e3a1792185706c8e16d043238c593331cc7cd313b50"

[[package]]
name = "proc-macro2"
version = "1.0.106"
source = "registry+https://github.com/rust-lang/crates.io-index"
checksum = "8fd00f0bb2e90d81d1044c2b32617f68fcb9fa3bb7640c23e9c748e53fb30934"
dependencies = [
 "unicode-ident",
]

[[package]]
name = "quote"
version = "1.0.46"
source = "registry+https://github.com/rust-lang/crates.io-index"
checksum = "dfbc457d0c7a0759a614551b11a6409e5951f6c7537be1f1b7682b9ae9230368"
dependencies = [
 "proc-macro2",
]

[[package]]
name = "regex"
version = "1.12.4"
source = "registry+https://github.com/rust-lang/crates.io-index"
checksum = "f1292b7759ae1cb9ec195452d1390a074f0cd8541ab7a5a8c31cd6db45d4a6ba"
dependencies = [
 "aho-corasick",
 "memchr",
 "regex-automata",
 "regex-syntax",
]

[[package]]
name = "regex-automata"
version = "0.4.14"
source = "registry+https://github.com/rust-lang/crates.io-index"
checksum = "6e1dd4122fc1595e8162618945476892eefca7b88c52820e74af6262213cae8f"
dependencies = [
 "aho-corasick",
 "memchr",
 "regex-syntax",
]

[[package]]
name = "regex-syntax"
version = "0.8.11"
source = "registry+https://github.com/rust-lang/crates.io-index"
checksum = "d6f6ff9a378485b298a5286656da665ba74413d36db0979633275d2e708145d4"

[[package]]
name = "rustc_version"
version = "0.4.1"
source = "registry+https://github.com/rust-lang/crates.io-index"
checksum = "cfcb3a22ef46e85b45de6ee7e79d063319ebb6594faafcf1c225ea92ab6e9b92"
dependencies = [
 "semver",
]

[[package]]
name = "rustc_version_runtime"
version = "0.3.0"
source = "registry+https://github.com/rust-lang/crates.io-index"
checksum = "2dd18cd2bae1820af0b6ad5e54f4a51d0f3fcc53b05f845675074efcc7af071d"
dependencies = [
 "rustc_version",
 "semver",
]

[[package]]
name = "semver"
version = "1.0.28"
source = "registry+https://github.com/rust-lang/crates.io-index"
checksum = "8a7852d02fc848982e0c167ef163aaff9cd91dc640ba85e263cb1ce46fae51cd"

[[package]]
name = "stable_deref_trait"
version = "1.2.1"
source = "registry+https://github.com/rust-lang/crates.io-index"
checksum = "6ce2be8dc25455e1f91df71bfa12ad37d7af1092ae736f3a6cd0e37bc7810596"

[[package]]
name = "strum"
version = "0.28.0"
source = "registry+https://github.com/rust-lang/crates.io-index"
checksum = "9628de9b8791db39ceda2b119bbe13134770b56c138ec1d3af810d045c04f9bd"

[[package]]
name = "strum_macros"
version = "0.28.0"
source = "registry+https://github.com/rust-lang/crates.io-index"
checksum = "ab85eea0270ee17587ed4156089e10b9e6880ee688791d45a905f5b1ca36f664"
dependencies = [
 "heck",
 "proc-macro2",
 "quote",
 "syn",
]

[[package]]
name = "syn"
version = "2.0.118"
source = "registry+https://github.com/rust-lang/crates.io-index"
checksum = "1b9ae57f904213ebb649ce6895b8a66c66f0203b9319718f69a5612a065b1422"
dependencies = [
 "proc-macro2",
 "quote",
 "unicode-ident",
]

[[package]]
name = "typed-arena"
version = "2.0.2"
source = "registry+https://github.com/rust-lang/crates.io-index"
checksum = "6af6ae20167a9ece4bcb41af5b80f8a1f1df981f6391189ce00fd257af04126a"

[[package]]
name = "unicode-ident"
version = "1.0.24"
source = "registry+https://github.com/rust-lang/crates.io-index"
checksum = "e6e4313cd5fcd3dad5cafa179702e2b244f760991f45397d14d4ebf38247da75"
